
Microsoft Visual Studio Solution File, Format Version 12.00
# Visual Studio 15
VisualStudioVersion = 15.0.28307.438
MinimumVisualStudioVersion = 10.0.40219.1
Project("{FAE04EC0-301F-11D3-BF4B-00C04F79EFBC}") = "Задание 10", "Задание 10\Задание 10.csproj", "{65562551-1E67-46CA-917E-92D0479188EA}"
EndProject
Global
	GlobalSection(SolutionConfigurationPlatforms) = preSolution
		Debug|Any CPU = Debug|Any CPU
		Release|Any CPU = Release|Any CPU
	EndGlobalSection
	GlobalSection(ProjectConfigurationPlatforms) = postSolution
		{65562551-1E67-46CA-917E-92D0479188EA}.Debug|Any CPU.ActiveCfg = Debug|Any CPU
		{65562551-1E67-46CA-917E-92D0479188EA}.Debug|Any CPU.Build.0 = Debug|Any CPU
		{65562551-1E67-46CA-917E-92D0479188EA}.Release|Any CPU.ActiveCfg = Release|Any CPU
		{65562551-1E67-46CA-917E-92D0479188EA}.Release|Any CPU.Build.0 = Release|Any CPU
	EndGlobalSection
	GlobalSection(SolutionProperties) = preSolution
		HideSolutionNode = FALSE
	EndGlobalSection
	GlobalSection(ExtensibilityGlobals) = postSolution
		SolutionGuid = {0672C9A2-E413-4B5E-887E-7E51827D7233}
	EndGlobalSection
EndGlobal
